
Microsoft Visual Studio Solution File, Format Version 12.00
# Visual Studio Version 17
VisualStudioVersion = 17.9.34622.214
MinimumVisualStudioVersion = 10.0.40219.1
Project("{FAE04EC0-301F-11D3-BF4B-00C04F79EFBC}") = "Задача 1", "Задача 1\Задача 1.csproj", "{AE31ACE3-FB05-47AA-8C45-80C86D51D518}"
EndProject
Project("{FAE04EC0-301F-11D3-BF4B-00C04F79EFBC}") = "Задача 2", "Задача 2\Задача 2.csproj", "{2B15016B-8BC4-43BE-A459-39D09C49B2FB}"
EndProject
Global
	GlobalSection(SolutionConfigurationPlatforms) = preSolution
		Debug|Any CPU = Debug|Any CPU
		Release|Any CPU = Release|Any CPU
	EndGlobalSection
	GlobalSection(ProjectConfigurationPlatforms) = postSolution
		{AE31ACE3-FB05-47AA-8C45-80C86D51D518}.Debug|Any CPU.ActiveCfg = Debug|Any CPU
		{AE31ACE3-FB05-47AA-8C45-80C86D51D518}.Debug|Any CPU.Build.0 = Debug|Any CPU
		{AE31ACE3-FB05-47AA-8C45-80C86D51D518}.Release|Any CPU.ActiveCfg = Release|Any CPU
		{AE31ACE3-FB05-47AA-8C45-80C86D51D518}.Release|Any CPU.Build.0 = Release|Any CPU
		{2B15016B-8BC4-43BE-A459-39D09C49B2FB}.Debug|Any CPU.ActiveCfg = Debug|Any CPU
		{2B15016B-8BC4-43BE-A459-39D09C49B2FB}.Debug|Any CPU.Build.0 = Debug|Any CPU
		{2B15016B-8BC4-43BE-A459-39D09C49B2FB}.Release|Any CPU.ActiveCfg = Release|Any CPU
		{2B15016B-8BC4-43BE-A459-39D09C49B2FB}.Release|Any CPU.Build.0 = Release|Any CPU
	EndGlobalSection
	GlobalSection(SolutionProperties) = preSolution
		HideSolutionNode = FALSE
	EndGlobalSection
	GlobalSection(ExtensibilityGlobals) = postSolution
		SolutionGuid = {22B1D5FB-69EB-417A-8BDF-F1EE99E22C19}
	EndGlobalSection
EndGlobal
